# THIS IS AN AUTOGENERATED FILE. DO NOT EDIT THIS FILE DIRECTLY.
# yarn lockfile v1


babel-plugin-react-native-web@^0.18.10:
  version "0.18.10"
  resolved "https://registry.yarnpkg.com/babel-plugin-react-native-web/-/babel-plugin-react-native-web-0.18.10.tgz#028c349d1c4c929f86dc757a4e724d3e651d3424"
  integrity sha512-2UiwS6G7XKJvpo0X5OFkzGjHGFuNx9J+DgEG8TEmm+X5S0z6EB59W11RDEZghdKzsQzVbs1jB+2VHBuVgjMTiw==
