# THIS IS AN AUTOGENERATED FILE. DO NOT EDIT THIS FILE DIRECTLY.
# yarn lockfile v1


babel-plugin-react-native-web@^0.19.2:
  version "0.19.6"
  resolved "https://registry.yarnpkg.com/babel-plugin-react-native-web/-/babel-plugin-react-native-web-0.19.6.tgz#8538f9bc3b72a664997c7f357f77eebc9a030cdf"
  integrity sha512-kj8LGpki6d1oHdfMvLgiLYrQp89vNv02swTArSHp/2m1sdGWfdicFUJOPkisB/ZZ7oJjdGNSA7WJTBDebIjQRg==
